<?xml version="1.0" encoding="utf-8"?>
<Project ToolsVersion="4.0" xmlns="http://schemas.microsoft.com/developer/msbuild/2003">
  <ItemGroup>
    <Filter Include="Header Files">
      <UniqueIdentifier>{93995380-89BD-4b04-88EB-625FBE52EBFB}</UniqueIdentifier>
      <Extensions>h;hh;hpp;hxx;hm;inl;inc;xsd</Extensions>
    </Filter>
    <Filter Include="Source Files">
      <UniqueIdentifier>{4FC737F1-C7A5-4376-A066-2A32D752A2FF}</UniqueIdentifier>
      <Extensions>cpp;c;cc;cxx;def;odl;idl;hpj;bat;asm;asmx</Extensions>
    </Filter>
    <Filter Include="Header Files\signal">
      <UniqueIdentifier>{5773c1da-cbc5-4ab9-95fc-a21e6ad133de}</UniqueIdentifier>
    </Filter>
    <Filter Include="Header Files\math">
      <UniqueIdentifier>{a9b6abf4-79f0-4dfe-8373-76a0f4df9c8f}</UniqueIdentifier>
    </Filter>
    <Filter Include="Header Files\color">
      <UniqueIdentifier>{91080862-76cd-4be9-addf-73d4e3f6970c}</UniqueIdentifier>
    </Filter>
    <Filter Include="Source Files\signal">
      <UniqueIdentifier>{85d4351b-f275-4b8f-9a95-4e4cbb9b9b32}</UniqueIdentifier>
    </Filter>
    <Filter Include="Source Files\color">
      <UniqueIdentifier>{985c56b7-2424-4422-aba9-ddafe963cc74}</UniqueIdentifier>
    </Filter>
    <Filter Include="Header Files\parsing_expressions">
      <UniqueIdentifier>{686fbc11-2d64-4804-92e3-3d1553b0185b}</UniqueIdentifier>
    </Filter>
    <Filter Include="Source Files\math">
      <UniqueIdentifier>{0134ec10-8f51-45bb-b820-5b4e662daee5}</UniqueIdentifier>
    </Filter>
    <Filter Include="Header Files\event">
      <UniqueIdentifier>{721da912-650c-410d-a2ab-f28024b78950}</UniqueIdentifier>
    </Filter>
    <Filter Include="Source Files\event">
      <UniqueIdentifier>{ca5fd402-a063-4989-8cf8-c3ce886d5cf1}</UniqueIdentifier>
    </Filter>
    <Filter Include="Header Files\type">
      <UniqueIdentifier>{8e782aa6-3359-45d9-871c-4466389b0963}</UniqueIdentifier>
    </Filter>
    <Filter Include="Header Files\type\internal">
      <UniqueIdentifier>{5c6ae2ec-6478-4294-9911-6c231f267d7f}</UniqueIdentifier>
    </Filter>
    <Filter Include="Header Files\event\internal">
      <UniqueIdentifier>{3c8c75a3-775f-41d7-999f-8eb94d54e8b6}</UniqueIdentifier>
    </Filter>
    <Filter Include="Header Files\signal\internal">
      <UniqueIdentifier>{f8b7b428-fb35-4ed2-ad20-94d1c3c702c2}</UniqueIdentifier>
    </Filter>
    <Filter Include="Header Files\language">
      <UniqueIdentifier>{17944c54-0883-4370-953c-2d63640a7c25}</UniqueIdentifier>
    </Filter>
    <Filter Include="Source Files\language">
      <UniqueIdentifier>{02bcffdf-f0e0-47fa-afa5-297a6a4f4fec}</UniqueIdentifier>
    </Filter>
    <Filter Include="Header Files\utility">
      <UniqueIdentifier>{eeac9c9c-934e-43cf-a730-911795bcf8da}</UniqueIdentifier>
    </Filter>
    <Filter Include="Source Files\utility">
      <UniqueIdentifier>{0673c394-68f9-463c-98f9-fd666f310108}</UniqueIdentifier>
    </Filter>
    <Filter Include="Header Files\file_system">
      <UniqueIdentifier>{8a06c430-45f0-4120-abff-9ad968424fa8}</UniqueIdentifier>
    </Filter>
    <Filter Include="Source Files\file_system">
      <UniqueIdentifier>{c67b4275-1f90-4883-99a9-c8b78ed25904}</UniqueIdentifier>
    </Filter>
    <Filter Include="Header Files\parsing_expressions\internal">
      <UniqueIdentifier>{b4342126-d708-41a4-8224-2677160d0a80}</UniqueIdentifier>
    </Filter>
  </ItemGroup>
  <ItemGroup>
    <ClCompile Include="src\idlib\idlib.cpp">
      <Filter>Source Files</Filter>
    </ClCompile>
    <ClCompile Include="src\idlib\text_range.cpp">
      <Filter>Source Files</Filter>
    </ClCompile>
    <ClCompile Include="src\idlib\color\instantiations.cpp">
      <Filter>Source Files\color</Filter>
    </ClCompile>
    <ClCompile Include="src\idlib\math\instantiations.cpp">
      <Filter>Source Files\math</Filter>
    </ClCompile>
    <ClCompile Include="src\idlib\signal\connection_base.cpp">
      <Filter>Source Files\signal</Filter>
    </ClCompile>
    <ClCompile Include="src\idlib\signal\node_base.cpp">
      <Filter>Source Files\signal</Filter>
    </ClCompile>
    <ClCompile Include="src\idlib\signal\signal_base.cpp">
      <Filter>Source Files\signal</Filter>
    </ClCompile>
    <ClCompile Include="src\idlib\language\location.cpp">
      <Filter>Source Files\language</Filter>
    </ClCompile>
    <ClCompile Include="src\idlib\language\qualified_name.cpp">
      <Filter>Source Files\language</Filter>
    </ClCompile>
    <ClCompile Include="src\idlib\utility\prefix.cpp">
      <Filter>Source Files\utility</Filter>
    </ClCompile>
    <ClCompile Include="src\idlib\utility\suffix.cpp">
      <Filter>Source Files\utility</Filter>
    </ClCompile>
    <ClCompile Include="src\idlib\utility\to_lower.cpp">
      <Filter>Source Files\utility</Filter>
    </ClCompile>
    <ClCompile Include="src\idlib\utility\to_upper.cpp">
      <Filter>Source Files\utility</Filter>
    </ClCompile>
    <ClCompile Include="src\idlib\file_system\file_linux.cpp">
      <Filter>Source Files\file_system</Filter>
    </ClCompile>
    <ClCompile Include="src\idlib\file_system\file_windows.cpp">
      <Filter>Source Files\file_system</Filter>
    </ClCompile>
    <ClCompile Include="src\idlib\file_system\mapped_file_windows.cpp">
      <Filter>Source Files\file_system</Filter>
    </ClCompile>
    <ClCompile Include="src\idlib\file_system\mapped_file_linux.cpp">
      <Filter>Source Files\file_system</Filter>
    </ClCompile>
    <ClCompile Include="src\idlib\utility\swap_bytes.cpp">
      <Filter>Source Files\utility</Filter>
    </ClCompile>
    <ClCompile Include="src\idlib\file_system\working_directory.cpp">
      <Filter>Source Files\file_system</Filter>
    </ClCompile>
    <ClCompile Include="src\idlib\file_system\directory_separator.cpp">
      <Filter>Source Files\file_system</Filter>
    </ClCompile>
    <ClCompile Include="src\idlib\file_system\file.cpp">
      <Filter>Source Files\file_system</Filter>
    </ClCompile>
    <ClCompile Include="src\idlib\file_system\mapped_file.cpp">
      <Filter>Source Files\file_system</Filter>
    </ClCompile>
  </ItemGroup>
  <ItemGroup>
    <ClInclude Include="src\idlib\DebugAssert.hpp">
      <Filter>Header Files</Filter>
    </ClInclude>
    <ClInclude Include="src\idlib\crtp.hpp">
      <Filter>Header Files</Filter>
    </ClInclude>
    <ClInclude Include="src\idlib\idlib.hpp">
      <Filter>Header Files</Filter>
    </ClInclude>
    <ClInclude Include="src\idlib\parsing_expressions\include.hpp">
      <Filter>Header Files\parsing_expressions</Filter>
    </ClInclude>
    <ClInclude Include="src\idlib\parsing_expressions\predefined.hpp">
      <Filter>Header Files\parsing_expressions</Filter>
    </ClInclude>
    <ClInclude Include="src\idlib\parsing_expressions\repetition.hpp">
      <Filter>Header Files\parsing_expressions</Filter>
    </ClInclude>
    <ClInclude Include="src\idlib\parsing_expressions\sequence.hpp">
      <Filter>Header Files\parsing_expressions</Filter>
    </ClInclude>
    <ClInclude Include="src\idlib\parsing_expressions\sym.hpp">
      <Filter>Header Files\parsing_expressions</Filter>
    </ClInclude>
    <ClInclude Include="src\idlib\parsing_expressions\sym_range.hpp">
      <Filter>Header Files\parsing_expressions</Filter>
    </ClInclude>
    <ClInclude Include="src\idlib\parsing_expressions\option.hpp">
      <Filter>Header Files\parsing_expressions</Filter>
    </ClInclude>
    <ClInclude Include="src\idlib\math\even_odd.hpp">
      <Filter>Header Files\math</Filter>
    </ClInclude>
    <ClInclude Include="src\idlib\math\one_zero.hpp">
      <Filter>Header Files\math</Filter>
    </ClInclude>
    <ClInclude Include="src\idlib\text_range.hpp">
      <Filter>Header Files</Filter>
    </ClInclude>
    <ClInclude Include="src\idlib\color\l.hpp">
      <Filter>Header Files\color</Filter>
    </ClInclude>
    <ClInclude Include="src\idlib\color\la.hpp">
      <Filter>Header Files\color</Filter>
    </ClInclude>
    <ClInclude Include="src\idlib\color\rgb.hpp">
      <Filter>Header Files\color</Filter>
    </ClInclude>
    <ClInclude Include="src\idlib\color\rgba.hpp">
      <Filter>Header Files\color</Filter>
    </ClInclude>
    <ClInclude Include="src\idlib\color\space.hpp">
      <Filter>Header Files\color</Filter>
    </ClInclude>
    <ClInclude Include="src\idlib\color\color.hpp">
      <Filter>Header Files\color</Filter>
    </ClInclude>
    <ClInclude Include="src\idlib\color\a.hpp">
      <Filter>Header Files\color</Filter>
    </ClInclude>
    <ClInclude Include="src\idlib\math\interpolation_method.hpp">
      <Filter>Header Files\math</Filter>
    </ClInclude>
    <ClInclude Include="src\idlib\math\dimensionality.hpp">
      <Filter>Header Files\math</Filter>
    </ClInclude>
    <ClInclude Include="src\idlib\math\mu.hpp">
      <Filter>Header Files\math</Filter>
    </ClInclude>
    <ClInclude Include="src\idlib\math\interpolate.hpp">
      <Filter>Header Files\math</Filter>
    </ClInclude>
    <ClInclude Include="src\idlib\math\interpolate_floating_point.hpp">
      <Filter>Header Files\math</Filter>
    </ClInclude>
    <ClInclude Include="src\idlib\math\invert.hpp">
      <Filter>Header Files\math</Filter>
    </ClInclude>
    <ClInclude Include="src\idlib\color\a.in.h">
      <Filter>Header Files\color</Filter>
    </ClInclude>
    <ClInclude Include="src\idlib\color\l.in.h">
      <Filter>Header Files\color</Filter>
    </ClInclude>
    <ClInclude Include="src\idlib\color\la.in.h">
      <Filter>Header Files\color</Filter>
    </ClInclude>
    <ClInclude Include="src\idlib\color\rgb.in.h">
      <Filter>Header Files\color</Filter>
    </ClInclude>
    <ClInclude Include="src\idlib\color\rgba.in.h">
      <Filter>Header Files\color</Filter>
    </ClInclude>
    <ClInclude Include="src\idlib\color\a-header.in.h">
      <Filter>Header Files\color</Filter>
    </ClInclude>
    <ClInclude Include="src\idlib\color\la-header.in.h">
      <Filter>Header Files\color</Filter>
    </ClInclude>
    <ClInclude Include="src\idlib\color\rgba-header.in.h">
      <Filter>Header Files\color</Filter>
    </ClInclude>
    <ClInclude Include="src\idlib\color\rgb-header.in.h">
      <Filter>Header Files\color</Filter>
    </ClInclude>
    <ClInclude Include="src\idlib\color\l-header.in.h">
      <Filter>Header Files\color</Filter>
    </ClInclude>
    <ClInclude Include="src\idlib\color\brighten.hpp">
      <Filter>Header Files\color</Filter>
    </ClInclude>
    <ClInclude Include="src\idlib\color\darken.hpp">
      <Filter>Header Files\color</Filter>
    </ClInclude>
    <ClInclude Include="src\idlib\type\add.hpp">
      <Filter>Header Files\type</Filter>
    </ClInclude>
    <ClInclude Include="src\idlib\type\clamped_double_add.hpp">
      <Filter>Header Files\type</Filter>
    </ClInclude>
    <ClInclude Include="src\idlib\type\clamped_double_invert.hpp">
      <Filter>Header Files\type</Filter>
    </ClInclude>
    <ClInclude Include="src\idlib\type\clamped_double_scale.hpp">
      <Filter>Header Files\type</Filter>
    </ClInclude>
    <ClInclude Include="src\idlib\type\clamped_double_subtract.hpp">
      <Filter>Header Files\type</Filter>
    </ClInclude>
    <ClInclude Include="src\idlib\type\clamped_double_traits.hpp">
      <Filter>Header Files\type</Filter>
    </ClInclude>
    <ClInclude Include="src\idlib\type\clamped_single_add.hpp">
      <Filter>Header Files\type</Filter>
    </ClInclude>
    <ClInclude Include="src\idlib\type\clamped_single_invert.hpp">
      <Filter>Header Files\type</Filter>
    </ClInclude>
    <ClInclude Include="src\idlib\type\clamped_single_scale.hpp">
      <Filter>Header Files\type</Filter>
    </ClInclude>
    <ClInclude Include="src\idlib\type\clamped_single_subtract.hpp">
      <Filter>Header Files\type</Filter>
    </ClInclude>
    <ClInclude Include="src\idlib\type\clamped_single_traits.hpp">
      <Filter>Header Files\type</Filter>
    </ClInclude>
    <ClInclude Include="src\idlib\type\convert.hpp">
      <Filter>Header Files\type</Filter>
    </ClInclude>
    <ClInclude Include="src\idlib\type\invert.hpp">
      <Filter>Header Files\type</Filter>
    </ClInclude>
    <ClInclude Include="src\idlib\type\range.hpp">
      <Filter>Header Files\type</Filter>
    </ClInclude>
    <ClInclude Include="src\idlib\type\scale.hpp">
      <Filter>Header Files\type</Filter>
    </ClInclude>
    <ClInclude Include="src\idlib\type\subtract.hpp">
      <Filter>Header Files\type</Filter>
    </ClInclude>
    <ClInclude Include="src\idlib\type\uint8_add.hpp">
      <Filter>Header Files\type</Filter>
    </ClInclude>
    <ClInclude Include="src\idlib\type\uint8_invert.hpp">
      <Filter>Header Files\type</Filter>
    </ClInclude>
    <ClInclude Include="src\idlib\type\uint8_scale.hpp">
      <Filter>Header Files\type</Filter>
    </ClInclude>
    <ClInclude Include="src\idlib\type\uint8_subtract.hpp">
      <Filter>Header Files\type</Filter>
    </ClInclude>
    <ClInclude Include="src\idlib\type\uint8_traits.hpp">
      <Filter>Header Files\type</Filter>
    </ClInclude>
    <ClInclude Include="src\idlib\type\uint16_add.hpp">
      <Filter>Header Files\type</Filter>
    </ClInclude>
    <ClInclude Include="src\idlib\type\uint16_invert.hpp">
      <Filter>Header Files\type</Filter>
    </ClInclude>
    <ClInclude Include="src\idlib\type\uint16_scale.hpp">
      <Filter>Header Files\type</Filter>
    </ClInclude>
    <ClInclude Include="src\idlib\type\uint16_subtract.hpp">
      <Filter>Header Files\type</Filter>
    </ClInclude>
    <ClInclude Include="src\idlib\type\uint16_traits.hpp">
      <Filter>Header Files\type</Filter>
    </ClInclude>
    <ClInclude Include="src\idlib\type\uint32_add.hpp">
      <Filter>Header Files\type</Filter>
    </ClInclude>
    <ClInclude Include="src\idlib\type\uint32_invert.hpp">
      <Filter>Header Files\type</Filter>
    </ClInclude>
    <ClInclude Include="src\idlib\type\uint32_scale.hpp">
      <Filter>Header Files\type</Filter>
    </ClInclude>
    <ClInclude Include="src\idlib\type\uint32_subtract.hpp">
      <Filter>Header Files\type</Filter>
    </ClInclude>
    <ClInclude Include="src\idlib\type\uint32_traits.hpp">
      <Filter>Header Files\type</Filter>
    </ClInclude>
    <ClInclude Include="src\idlib\type\uint64_add.hpp">
      <Filter>Header Files\type</Filter>
    </ClInclude>
    <ClInclude Include="src\idlib\type\uint64_invert.hpp">
      <Filter>Header Files\type</Filter>
    </ClInclude>
    <ClInclude Include="src\idlib\type\uint64_scale.hpp">
      <Filter>Header Files\type</Filter>
    </ClInclude>
    <ClInclude Include="src\idlib\type\uint64_subtract.hpp">
      <Filter>Header Files\type</Filter>
    </ClInclude>
    <ClInclude Include="src\idlib\type\uint64_traits.hpp">
      <Filter>Header Files\type</Filter>
    </ClInclude>
    <ClInclude Include="src\idlib\type\internal\footer.hpp">
      <Filter>Header Files\type\internal</Filter>
    </ClInclude>
    <ClInclude Include="src\idlib\type\internal\header.hpp">
      <Filter>Header Files\type\internal</Filter>
    </ClInclude>
    <ClInclude Include="src\idlib\event\event.hpp">
      <Filter>Header Files\event</Filter>
    </ClInclude>
    <ClInclude Include="src\idlib\event\keyboard_key_event_kind.hpp">
      <Filter>Header Files\event</Filter>
    </ClInclude>
    <ClInclude Include="src\idlib\event\mouse_button_event_kind.hpp">
      <Filter>Header Files\event</Filter>
    </ClInclude>
    <ClInclude Include="src\idlib\event\mouse_wheel_event_kind.hpp">
      <Filter>Header Files\event</Filter>
    </ClInclude>
    <ClInclude Include="src\idlib\event\window_event_kind.hpp">
      <Filter>Header Files\event</Filter>
    </ClInclude>
    <ClInclude Include="src\idlib\event\internal\footer.hpp">
      <Filter>Header Files\event\internal</Filter>
    </ClInclude>
    <ClInclude Include="src\idlib\event\internal\header.hpp">
      <Filter>Header Files\event\internal</Filter>
    </ClInclude>
    <ClInclude Include="src\idlib\signal\connection_base.hpp">
      <Filter>Header Files\signal</Filter>
    </ClInclude>
    <ClInclude Include="src\idlib\signal\node.hpp">
      <Filter>Header Files\signal</Filter>
    </ClInclude>
    <ClInclude Include="src\idlib\signal\node_base.hpp">
      <Filter>Header Files\signal</Filter>
    </ClInclude>
    <ClInclude Include="src\idlib\signal\scoped_connection.hpp">
      <Filter>Header Files\signal</Filter>
    </ClInclude>
    <ClInclude Include="src\idlib\signal\signal.hpp">
      <Filter>Header Files\signal</Filter>
    </ClInclude>
    <ClInclude Include="src\idlib\signal\signal_base.hpp">
      <Filter>Header Files\signal</Filter>
    </ClInclude>
    <ClInclude Include="src\idlib\signal\internal\footer.hpp">
      <Filter>Header Files\signal\internal</Filter>
    </ClInclude>
    <ClInclude Include="src\idlib\signal\internal\header.hpp">
      <Filter>Header Files\signal\internal</Filter>
    </ClInclude>
    <ClInclude Include="src\idlib\signal\connection.hpp">
      <Filter>Header Files\signal</Filter>
    </ClInclude>
    <ClInclude Include="src\idlib\color.hpp">
      <Filter>Header Files</Filter>
    </ClInclude>
    <ClInclude Include="src\idlib\signal.hpp">
      <Filter>Header Files</Filter>
    </ClInclude>
    <ClInclude Include="src\idlib\math.hpp">
      <Filter>Header Files</Filter>
    </ClInclude>
    <ClInclude Include="src\idlib\event.hpp">
      <Filter>Header Files</Filter>
    </ClInclude>
    <ClInclude Include="src\idlib\type.hpp">
      <Filter>Header Files</Filter>
    </ClInclude>
    <ClInclude Include="src\idlib\language\compilation_error.hpp">
      <Filter>Header Files\language</Filter>
    </ClInclude>
    <ClInclude Include="src\idlib\language\location.hpp">
      <Filter>Header Files\language</Filter>
    </ClInclude>
    <ClInclude Include="src\idlib\language\qualified_name.hpp">
      <Filter>Header Files\language</Filter>
    </ClInclude>
    <ClInclude Include="src\idlib\language.hpp">
      <Filter>Header Files</Filter>
    </ClInclude>
    <ClInclude Include="src\idlib\language\token.hpp">
      <Filter>Header Files\language</Filter>
    </ClInclude>
    <ClInclude Include="src\idlib\utility\assertion_failed_error.hpp">
      <Filter>Header Files\utility</Filter>
    </ClInclude>
    <ClInclude Include="src\idlib\utility\environment_error.hpp">
      <Filter>Header Files\utility</Filter>
    </ClInclude>
    <ClInclude Include="src\idlib\utility\exception.hpp">
      <Filter>Header Files\utility</Filter>
    </ClInclude>
    <ClInclude Include="src\idlib\utility\invalid_argument_error.hpp">
      <Filter>Header Files\utility</Filter>
    </ClInclude>
    <ClInclude Include="src\idlib\utility\is_any_of.hpp">
      <Filter>Header Files\utility</Filter>
    </ClInclude>
    <ClInclude Include="src\idlib\utility\lock_failed_error.hpp">
      <Filter>Header Files\utility</Filter>
    </ClInclude>
    <ClInclude Include="src\idlib\utility\non_copyable.hpp">
      <Filter>Header Files\utility</Filter>
    </ClInclude>
    <ClInclude Include="src\idlib\utility\out_of_bounds_error.hpp">
      <Filter>Header Files\utility</Filter>
    </ClInclude>
    <ClInclude Include="src\idlib\utility\platform.hpp">
      <Filter>Header Files\utility</Filter>
    </ClInclude>
    <ClInclude Include="src\idlib\utility\prefix.hpp">
      <Filter>Header Files\utility</Filter>
    </ClInclude>
    <ClInclude Include="src\idlib\utility\runtime_error.hpp">
      <Filter>Header Files\utility</Filter>
    </ClInclude>
    <ClInclude Include="src\idlib\utility\suffix.hpp">
      <Filter>Header Files\utility</Filter>
    </ClInclude>
    <ClInclude Include="src\idlib\utility\target.hpp">
      <Filter>Header Files\utility</Filter>
    </ClInclude>
    <ClInclude Include="src\idlib\utility\to_lower.hpp">
      <Filter>Header Files\utility</Filter>
    </ClInclude>
    <ClInclude Include="src\idlib\utility\to_string.hpp">
      <Filter>Header Files\utility</Filter>
    </ClInclude>
    <ClInclude Include="src\idlib\utility\to_upper.hpp">
      <Filter>Header Files\utility</Filter>
    </ClInclude>
    <ClInclude Include="src\idlib\utility\unhandled_switch_case_error.hpp">
      <Filter>Header Files\utility</Filter>
    </ClInclude>
    <ClInclude Include="src\idlib\utility.hpp">
      <Filter>Header Files</Filter>
    </ClInclude>
    <ClInclude Include="src\idlib\utility\null_error.hpp">
      <Filter>Header Files\utility</Filter>
    </ClInclude>
    <ClInclude Include="src\idlib\math\clamp.hpp">
      <Filter>Header Files\math</Filter>
    </ClInclude>
    <ClInclude Include="src\idlib\file_system\access_mode.hpp">
      <Filter>Header Files\file_system</Filter>
    </ClInclude>
    <ClInclude Include="src\idlib\file_system.hpp">
      <Filter>Header Files</Filter>
    </ClInclude>
    <ClInclude Include="src\idlib\utility\bitmask_type.hpp">
      <Filter>Header Files\utility</Filter>
    </ClInclude>
    <ClInclude Include="src\idlib\file_system\file.hpp">
      <Filter>Header Files\file_system</Filter>
    </ClInclude>
    <ClInclude Include="src\idlib\file_system\file_linux.hpp">
      <Filter>Header Files\file_system</Filter>
    </ClInclude>
    <ClInclude Include="src\idlib\file_system\file_windows.hpp">
      <Filter>Header Files\file_system</Filter>
    </ClInclude>
    <ClInclude Include="src\idlib\file_system\create_mode.hpp">
      <Filter>Header Files\file_system</Filter>
    </ClInclude>
    <ClInclude Include="src\idlib\file_system\error.hpp">
      <Filter>Header Files\file_system</Filter>
    </ClInclude>
    <ClInclude Include="src\idlib\file_system\mapped_file.hpp">
      <Filter>Header Files\file_system</Filter>
    </ClInclude>
    <ClInclude Include="src\idlib\language\category_element.hpp">
      <Filter>Header Files\language</Filter>
    </ClInclude>
    <ClInclude Include="src\idlib\utility\byte_order.hpp">
      <Filter>Header Files\utility</Filter>
    </ClInclude>
    <ClInclude Include="src\idlib\utility\swap_bytes.hpp">
      <Filter>Header Files\utility</Filter>
    </ClInclude>
    <ClInclude Include="src\idlib\file_system\working_directory.hpp">
      <Filter>Header Files\file_system</Filter>
    </ClInclude>
    <ClInclude Include="src\idlib\file_system\directory_separator.hpp">
      <Filter>Header Files\file_system</Filter>
    </ClInclude>
    <ClInclude Include="src\idlib\parsing_expressions\ordered_choice.hpp">
      <Filter>Header Files\parsing_expressions</Filter>
    </ClInclude>
    <ClInclude Include="src\idlib\file_system\mapped_file_linux.hpp">
      <Filter>Header Files\file_system</Filter>
    </ClInclude>
    <ClInclude Include="src\idlib\file_system\mapped_file_windows.hpp">
      <Filter>Header Files\file_system</Filter>
    </ClInclude>
    <ClInclude Include="src\idlib\parsing_expressions\internal\n_ary_expr.hpp">
      <Filter>Header Files\parsing_expressions\internal</Filter>
    </ClInclude>
    <ClInclude Include="src\idlib\parsing_expressions\any_sym.hpp">
      <Filter>Header Files\parsing_expressions</Filter>
    </ClInclude>
    <ClInclude Include="src\idlib\parsing_expressions\difference.hpp">
      <Filter>Header Files\parsing_expressions</Filter>
    </ClInclude>
    <ClInclude Include="src\idlib\parsing_expressions\match.hpp">
      <Filter>Header Files\parsing_expressions</Filter>
    </ClInclude>
    <ClInclude Include="src\idlib\parsing_expressions\internal\constructor_access_token.hpp">
      <Filter>Header Files\parsing_expressions\internal</Filter>
    </ClInclude>
  </ItemGroup>
  <ItemGroup>
    <None Include="src\idlib\CurrentFunction.inline">
      <Filter>Header Files</Filter>
    </None>
    <None Include="src\idlib\utility\footer.in">
      <Filter>Header Files\utility</Filter>
    </None>
    <None Include="src\idlib\utility\header.in">
      <Filter>Header Files\utility</Filter>
    </None>
  </ItemGroup>
</Project>