<?xml version="1.0" encoding="utf-8"?>
<Project ToolsVersion="4.0" xmlns="http://schemas.microsoft.com/developer/msbuild/2003">
  <ItemGroup>
    <Filter Include="Header Files">
      <UniqueIdentifier>{93995380-89BD-4b04-88EB-625FBE52EBFB}</UniqueIdentifier>
      <Extensions>h;hh;hpp;hxx;hm;inl;inc;xsd</Extensions>
    </Filter>
    <Filter Include="Source Files">
      <UniqueIdentifier>{4FC737F1-C7A5-4376-A066-2A32D752A2FF}</UniqueIdentifier>
      <Extensions>cpp;c;cc;cxx;def;odl;idl;hpj;bat;asm;asmx</Extensions>
    </Filter>
    <Filter Include="Header Files\signal">
      <UniqueIdentifier>{5773c1da-cbc5-4ab9-95fc-a21e6ad133de}</UniqueIdentifier>
    </Filter>
    <Filter Include="Header Files\math">
      <UniqueIdentifier>{a9b6abf4-79f0-4dfe-8373-76a0f4df9c8f}</UniqueIdentifier>
    </Filter>
    <Filter Include="Header Files\color">
      <UniqueIdentifier>{91080862-76cd-4be9-addf-73d4e3f6970c}</UniqueIdentifier>
    </Filter>
    <Filter Include="Source Files\signal">
      <UniqueIdentifier>{85d4351b-f275-4b8f-9a95-4e4cbb9b9b32}</UniqueIdentifier>
    </Filter>
    <Filter Include="Source Files\color">
      <UniqueIdentifier>{985c56b7-2424-4422-aba9-ddafe963cc74}</UniqueIdentifier>
    </Filter>
    <Filter Include="Header Files\parsing_expressions">
      <UniqueIdentifier>{686fbc11-2d64-4804-92e3-3d1553b0185b}</UniqueIdentifier>
    </Filter>
  </ItemGroup>
  <ItemGroup>
    <ClCompile Include="src\idlib\signal\ConnectionBase.cpp">
      <Filter>Source Files\signal</Filter>
    </ClCompile>
    <ClCompile Include="src\idlib\signal\NodeBase.cpp">
      <Filter>Source Files\signal</Filter>
    </ClCompile>
    <ClCompile Include="src\idlib\signal\SignalBase.cpp">
      <Filter>Source Files\signal</Filter>
    </ClCompile>
    <ClCompile Include="src\idlib\Color\Utilities.cpp">
      <Filter>Source Files\color</Filter>
    </ClCompile>
    <ClCompile Include="src\idlib\idlib.cpp">
      <Filter>Source Files</Filter>
    </ClCompile>
    <ClCompile Include="src\idlib\location.cpp">
      <Filter>Source Files</Filter>
    </ClCompile>
    <ClCompile Include="src\idlib\qualified_name.cpp">
      <Filter>Source Files</Filter>
    </ClCompile>
    <ClCompile Include="src\idlib\to_upper.cpp">
      <Filter>Source Files</Filter>
    </ClCompile>
    <ClCompile Include="src\idlib\to_lower.cpp">
      <Filter>Source Files</Filter>
    </ClCompile>
    <ClCompile Include="src\idlib\suffix.cpp">
      <Filter>Source Files</Filter>
    </ClCompile>
    <ClCompile Include="src\idlib\prefix.cpp">
      <Filter>Source Files</Filter>
    </ClCompile>
    <ClCompile Include="src\idlib\text_range.cpp">
      <Filter>Source Files</Filter>
    </ClCompile>
  </ItemGroup>
  <ItemGroup>
    <ClInclude Include="src\idlib\Platform.hpp">
      <Filter>Header Files</Filter>
    </ClInclude>
    <ClInclude Include="src\idlib\Target.hpp">
      <Filter>Header Files</Filter>
    </ClInclude>
    <ClInclude Include="src\idlib\NonCopyable.hpp">
      <Filter>Header Files</Filter>
    </ClInclude>
    <ClInclude Include="src\idlib\AssertionFailedException.hpp">
      <Filter>Header Files</Filter>
    </ClInclude>
    <ClInclude Include="src\idlib\Exception.hpp">
      <Filter>Header Files</Filter>
    </ClInclude>
    <ClInclude Include="src\idlib\LockFailedException.hpp">
      <Filter>Header Files</Filter>
    </ClInclude>
    <ClInclude Include="src\idlib\UnhandledSwitchCaseException.hpp">
      <Filter>Header Files</Filter>
    </ClInclude>
    <ClInclude Include="src\idlib\EnvironmentErrorException.hpp">
      <Filter>Header Files</Filter>
    </ClInclude>
    <ClInclude Include="src\idlib\RuntimeErrorException.hpp">
      <Filter>Header Files</Filter>
    </ClInclude>
    <ClInclude Include="src\idlib\OutOfBoundsException.hpp">
      <Filter>Header Files</Filter>
    </ClInclude>
    <ClInclude Include="src\idlib\InvalidArgumentException.hpp">
      <Filter>Header Files</Filter>
    </ClInclude>
    <ClInclude Include="src\idlib\DebugAssert.hpp">
      <Filter>Header Files</Filter>
    </ClInclude>
    <ClInclude Include="src\idlib\BitmaskTypes.hpp">
      <Filter>Header Files</Filter>
    </ClInclude>
    <ClInclude Include="src\idlib\crtp.hpp">
      <Filter>Header Files</Filter>
    </ClInclude>
    <ClInclude Include="src\idlib\token.hpp">
      <Filter>Header Files</Filter>
    </ClInclude>
    <ClInclude Include="src\idlib\CompilationErrorException.hpp">
      <Filter>Header Files</Filter>
    </ClInclude>
    <ClInclude Include="src\idlib\signal\Connection.hpp">
      <Filter>Header Files\signal</Filter>
    </ClInclude>
    <ClInclude Include="src\idlib\signal\ConnectionBase.hpp">
      <Filter>Header Files\signal</Filter>
    </ClInclude>
    <ClInclude Include="src\idlib\signal\Node.hpp">
      <Filter>Header Files\signal</Filter>
    </ClInclude>
    <ClInclude Include="src\idlib\signal\NodeBase.hpp">
      <Filter>Header Files\signal</Filter>
    </ClInclude>
    <ClInclude Include="src\idlib\signal\ScopedConnection.hpp">
      <Filter>Header Files\signal</Filter>
    </ClInclude>
    <ClInclude Include="src\idlib\signal\Signal.hpp">
      <Filter>Header Files\signal</Filter>
    </ClInclude>
    <ClInclude Include="src\idlib\signal\SignalBase.hpp">
      <Filter>Header Files\signal</Filter>
    </ClInclude>
    <ClInclude Include="src\idlib\signal\Include.hpp">
      <Filter>Header Files\signal</Filter>
    </ClInclude>
    <ClInclude Include="src\idlib\color\Include.hpp">
      <Filter>Header Files\color</Filter>
    </ClInclude>
    <ClInclude Include="src\idlib\color\Utilities.hpp">
      <Filter>Header Files\color</Filter>
    </ClInclude>
    <ClInclude Include="src\idlib\math\Dimensionality.hpp">
      <Filter>Header Files\math</Filter>
    </ClInclude>
    <ClInclude Include="src\idlib\color\Colour.hpp">
      <Filter>Header Files\color</Filter>
    </ClInclude>
    <ClInclude Include="src\idlib\color\ColourComponents.hpp">
      <Filter>Header Files\color</Filter>
    </ClInclude>
    <ClInclude Include="src\idlib\color\ColourLA.hpp">
      <Filter>Header Files\color</Filter>
    </ClInclude>
    <ClInclude Include="src\idlib\color\ColourL.hpp">
      <Filter>Header Files\color</Filter>
    </ClInclude>
    <ClInclude Include="src\idlib\color\ColourRGB.hpp">
      <Filter>Header Files\color</Filter>
    </ClInclude>
    <ClInclude Include="src\idlib\color\ColourRGBA.hpp">
      <Filter>Header Files\color</Filter>
    </ClInclude>
    <ClInclude Include="src\idlib\color\ColourSpace.hpp">
      <Filter>Header Files\color</Filter>
    </ClInclude>
    <ClInclude Include="src\idlib\idlib.hpp">
      <Filter>Header Files</Filter>
    </ClInclude>
    <ClInclude Include="src\idlib\qualified_name.hpp">
      <Filter>Header Files</Filter>
    </ClInclude>
    <ClInclude Include="src\idlib\location.hpp">
      <Filter>Header Files</Filter>
    </ClInclude>
    <ClInclude Include="src\idlib\parsing_expressions\choice.hpp">
      <Filter>Header Files\parsing_expressions</Filter>
    </ClInclude>
    <ClInclude Include="src\idlib\parsing_expressions\include.hpp">
      <Filter>Header Files\parsing_expressions</Filter>
    </ClInclude>
    <ClInclude Include="src\idlib\parsing_expressions\n_ary_expr.hpp">
      <Filter>Header Files\parsing_expressions</Filter>
    </ClInclude>
    <ClInclude Include="src\idlib\parsing_expressions\predefined.hpp">
      <Filter>Header Files\parsing_expressions</Filter>
    </ClInclude>
    <ClInclude Include="src\idlib\parsing_expressions\repetition.hpp">
      <Filter>Header Files\parsing_expressions</Filter>
    </ClInclude>
    <ClInclude Include="src\idlib\parsing_expressions\sequence.hpp">
      <Filter>Header Files\parsing_expressions</Filter>
    </ClInclude>
    <ClInclude Include="src\idlib\parsing_expressions\sym.hpp">
      <Filter>Header Files\parsing_expressions</Filter>
    </ClInclude>
    <ClInclude Include="src\idlib\parsing_expressions\sym_range.hpp">
      <Filter>Header Files\parsing_expressions</Filter>
    </ClInclude>
    <ClInclude Include="src\idlib\parsing_expressions\option.hpp">
      <Filter>Header Files\parsing_expressions</Filter>
    </ClInclude>
    <ClInclude Include="src\idlib\to_upper.hpp">
      <Filter>Header Files</Filter>
    </ClInclude>
    <ClInclude Include="src\idlib\to_lower.hpp">
      <Filter>Header Files</Filter>
    </ClInclude>
    <ClInclude Include="src\idlib\suffix.hpp">
      <Filter>Header Files</Filter>
    </ClInclude>
    <ClInclude Include="src\idlib\prefix.hpp">
      <Filter>Header Files</Filter>
    </ClInclude>
    <ClInclude Include="src\idlib\math\even_odd.hpp">
      <Filter>Header Files\math</Filter>
    </ClInclude>
    <ClInclude Include="src\idlib\math\one_zero.hpp">
      <Filter>Header Files\math</Filter>
    </ClInclude>
    <ClInclude Include="src\idlib\text_range.hpp">
      <Filter>Header Files</Filter>
    </ClInclude>
    <ClInclude Include="src\idlib\is_any_of.hpp">
      <Filter>Header Files</Filter>
    </ClInclude>
  </ItemGroup>
  <ItemGroup>
    <None Include="src\idlib\CurrentFunction.inline">
      <Filter>Header Files</Filter>
    </None>
  </ItemGroup>
</Project>