<?xml version="1.0" encoding="utf-8"?>
<Project ToolsVersion="4.0" xmlns="http://schemas.microsoft.com/developer/msbuild/2003">
  <ItemGroup>
    <Filter Include="Source Files">
      <UniqueIdentifier>{4FC737F1-C7A5-4376-A066-2A32D752A2FF}</UniqueIdentifier>
      <Extensions>cpp;c;cc;cxx;def;odl;idl;hpj;bat;asm;asmx</Extensions>
    </Filter>
    <Filter Include="Header Files">
      <UniqueIdentifier>{93995380-89BD-4b04-88EB-625FBE52EBFB}</UniqueIdentifier>
      <Extensions>h;hh;hpp;hxx;hm;inl;inc;xsd</Extensions>
    </Filter>
    <Filter Include="Resource Files">
      <UniqueIdentifier>{67DA6AB6-F800-4c08-8B7A-83BB121AAD01}</UniqueIdentifier>
      <Extensions>rc;ico;cur;bmp;dlg;rc2;rct;bin;rgs;gif;jpg;jpeg;jpe;resx;tiff;tif;png;wav;mfcribbon-ms</Extensions>
    </Filter>
    <Filter Include="Source Files\color">
      <UniqueIdentifier>{ca870cb1-f61c-4784-8024-3b2fb002e25f}</UniqueIdentifier>
    </Filter>
    <Filter Include="Source Files\parsing_expression">
      <UniqueIdentifier>{2a9f329f-6c0e-42cd-8810-48debce9ceff}</UniqueIdentifier>
    </Filter>
  </ItemGroup>
  <ItemGroup>
    <ClCompile Include="tests\idlib\tests\Compilation.cpp">
      <Filter>Source Files</Filter>
    </ClCompile>
    <ClCompile Include="tests\idlib\tests\Signal.cpp">
      <Filter>Source Files</Filter>
    </ClCompile>
    <ClCompile Include="tests\idlib\tests\Math.cpp">
      <Filter>Source Files</Filter>
    </ClCompile>
    <ClCompile Include="tests\idlib\tests\parsing_expressions\choice.cpp">
      <Filter>Source Files\parsing_expression</Filter>
    </ClCompile>
    <ClCompile Include="tests\idlib\tests\parsing_expressions\name.cpp">
      <Filter>Source Files\parsing_expression</Filter>
    </ClCompile>
    <ClCompile Include="tests\idlib\tests\parsing_expressions\qualified_name.cpp">
      <Filter>Source Files\parsing_expression</Filter>
    </ClCompile>
    <ClCompile Include="tests\idlib\tests\parsing_expressions\symbols.cpp">
      <Filter>Source Files\parsing_expression</Filter>
    </ClCompile>
    <ClCompile Include="tests\idlib\tests\qualified_name.cpp">
      <Filter>Source Files</Filter>
    </ClCompile>
    <ClCompile Include="tests\idlib\tests\prefix.cpp">
      <Filter>Source Files</Filter>
    </ClCompile>
    <ClCompile Include="tests\idlib\tests\suffix.cpp">
      <Filter>Source Files</Filter>
    </ClCompile>
    <ClCompile Include="tests\idlib\tests\to_lower.cpp">
      <Filter>Source Files</Filter>
    </ClCompile>
    <ClCompile Include="tests\idlib\tests\to_upper.cpp">
      <Filter>Source Files</Filter>
    </ClCompile>
    <ClCompile Include="tests\idlib\tests\color\interpolation.cpp">
      <Filter>Source Files\color</Filter>
    </ClCompile>
    <ClCompile Include="tests\idlib\tests\color\inversion.cpp">
      <Filter>Source Files\color</Filter>
    </ClCompile>
    <ClCompile Include="tests\idlib\tests\color\copy_construction.cpp">
      <Filter>Source Files\color</Filter>
    </ClCompile>
    <ClCompile Include="tests\idlib\tests\color\compose_construction.cpp">
      <Filter>Source Files\color</Filter>
    </ClCompile>
    <ClCompile Include="tests\idlib\tests\color\decompose_construction.cpp">
      <Filter>Source Files\color</Filter>
    </ClCompile>
    <ClCompile Include="tests\idlib\tests\color\brightening_darkening.cpp">
      <Filter>Source Files\color</Filter>
    </ClCompile>
    <ClCompile Include="tests\idlib\tests\color\addition_subtraction.cpp">
      <Filter>Source Files\color</Filter>
    </ClCompile>
  </ItemGroup>
  <ItemGroup>
    <ClInclude Include="tests\idlib\tests\color\color_generator.hpp">
      <Filter>Header Files</Filter>
    </ClInclude>
  </ItemGroup>
</Project>